
Microsoft Visual Studio Solution File, Format Version 12.00
# Visual Studio Version 16
VisualStudioVersion = 16.0.30523.141
MinimumVisualStudioVersion = 10.0.40219.1
Project("{FAE04EC0-301F-11D3-BF4B-00C04F79EFBC}") = "EmployeeManagement_Jaskaran", "EmployeeManagement_Jaskaran\EmployeeManagement_Jaskaran.csproj", "{BA12B949-35BD-4666-9B62-4839D3AB301F}"
EndProject
Global
	GlobalSection(SolutionConfigurationPlatforms) = preSolution
		Debug|Any CPU = Debug|Any CPU
		Release|Any CPU = Release|Any CPU
	EndGlobalSection
	GlobalSection(ProjectConfigurationPlatforms) = postSolution
		{BA12B949-35BD-4666-9B62-4839D3AB301F}.Debug|Any CPU.ActiveCfg = Debug|Any CPU
		{BA12B949-35BD-4666-9B62-4839D3AB301F}.Debug|Any CPU.Build.0 = Debug|Any CPU
		{BA12B949-35BD-4666-9B62-4839D3AB301F}.Release|Any CPU.ActiveCfg = Release|Any CPU
		{BA12B949-35BD-4666-9B62-4839D3AB301F}.Release|Any CPU.Build.0 = Release|Any CPU
	EndGlobalSection
	GlobalSection(SolutionProperties) = preSolution
		HideSolutionNode = FALSE
	EndGlobalSection
	GlobalSection(ExtensibilityGlobals) = postSolution
		SolutionGuid = {A620F43D-594B-4019-AA98-A0BEA7DDC788}
	EndGlobalSection
EndGlobal
